
Microsoft Visual Studio Solution File, Format Version 12.00
# Visual Studio Version 16
VisualStudioVersion = 16.0.28315.86
MinimumVisualStudioVersion = 10.0.40219.1
Project("{9A19103F-16F7-4668-BE54-9A1E7A4F7556}") = "CarController", "CarController\CarController.csproj", "{AF0FCE32-04CE-4534-B521-7072616F5B0B}"
EndProject
Project("{FAE04EC0-301F-11D3-BF4B-00C04F79EFBC}") = "RPiPeripherals", "RPiPeripherals\RPiPeripherals.csproj", "{EB87EB80-D32C-4960-937B-9645AE1D6F77}"
EndProject
Global
	GlobalSection(SolutionConfigurationPlatforms) = preSolution
		Debug|Any CPU = Debug|Any CPU
		Release|Any CPU = Release|Any CPU
	EndGlobalSection
	GlobalSection(ProjectConfigurationPlatforms) = postSolution
		{AF0FCE32-04CE-4534-B521-7072616F5B0B}.Debug|Any CPU.ActiveCfg = Debug|Any CPU
		{AF0FCE32-04CE-4534-B521-7072616F5B0B}.Debug|Any CPU.Build.0 = Debug|Any CPU
		{AF0FCE32-04CE-4534-B521-7072616F5B0B}.Release|Any CPU.ActiveCfg = Release|Any CPU
		{AF0FCE32-04CE-4534-B521-7072616F5B0B}.Release|Any CPU.Build.0 = Release|Any CPU
		{EB87EB80-D32C-4960-937B-9645AE1D6F77}.Debug|Any CPU.ActiveCfg = Debug|Any CPU
		{EB87EB80-D32C-4960-937B-9645AE1D6F77}.Debug|Any CPU.Build.0 = Debug|Any CPU
		{EB87EB80-D32C-4960-937B-9645AE1D6F77}.Release|Any CPU.ActiveCfg = Release|Any CPU
		{EB87EB80-D32C-4960-937B-9645AE1D6F77}.Release|Any CPU.Build.0 = Release|Any CPU
	EndGlobalSection
	GlobalSection(SolutionProperties) = preSolution
		HideSolutionNode = FALSE
	EndGlobalSection
	GlobalSection(ExtensibilityGlobals) = postSolution
		SolutionGuid = {FF4E00E5-6E98-4597-9AEE-B61FAB66492E}
	EndGlobalSection
EndGlobal
